
Microsoft Visual Studio Solution File, Format Version 12.00
# Visual Studio Version 17
VisualStudioVersion = 17.1.32210.238
MinimumVisualStudioVersion = 10.0.40219.1
Project("{8BC9CEB8-8B4A-11D0-8D11-00A0C91BC942}") = "MuMuDVB", "MuMuDVB.vcxproj", "{05FE9671-56C3-4F65-B008-29C8307DA3B9}"
EndProject
Global
	GlobalSection(SolutionConfigurationPlatforms) = preSolution
		Debug|x64 = Debug|x64
		Debug|x86 = Debug|x86
		Release|x64 = Release|x64
		Release|x86 = Release|x86
	EndGlobalSection
	GlobalSection(ProjectConfigurationPlatforms) = postSolution
		{05FE9671-56C3-4F65-B008-29C8307DA3B9}.Debug|x64.ActiveCfg = Debug|x64
		{05FE9671-56C3-4F65-B008-29C8307DA3B9}.Debug|x64.Build.0 = Debug|x64
		{05FE9671-56C3-4F65-B008-29C8307DA3B9}.Debug|x86.ActiveCfg = Debug|Win32
		{05FE9671-56C3-4F65-B008-29C8307DA3B9}.Debug|x86.Build.0 = Debug|Win32
		{05FE9671-56C3-4F65-B008-29C8307DA3B9}.Release|x64.ActiveCfg = Release|x64
		{05FE9671-56C3-4F65-B008-29C8307DA3B9}.Release|x64.Build.0 = Release|x64
		{05FE9671-56C3-4F65-B008-29C8307DA3B9}.Release|x86.ActiveCfg = Release|Win32
		{05FE9671-56C3-4F65-B008-29C8307DA3B9}.Release|x86.Build.0 = Release|Win32
	EndGlobalSection
	GlobalSection(SolutionProperties) = preSolution
		HideSolutionNode = FALSE
	EndGlobalSection
	GlobalSection(ExtensibilityGlobals) = postSolution
		SolutionGuid = {1DFB6EE4-C7EE-4D38-BF47-9DBCE84E3FEF}
	EndGlobalSection
EndGlobal
