<?xml version="1.0" encoding="utf-8"?>
<Project ToolsVersion="4.0" xmlns="http://schemas.microsoft.com/developer/msbuild/2003">
  <ItemGroup>
    <Filter Include="Source Files">
      <UniqueIdentifier>{4FC737F1-C7A5-4376-A066-2A32D752A2FF}</UniqueIdentifier>
      <Extensions>cpp;c;cc;cxx;def;odl;idl;hpj;bat;asm;asmx</Extensions>
    </Filter>
    <Filter Include="Header Files">
      <UniqueIdentifier>{93995380-89BD-4b04-88EB-625FBE52EBFB}</UniqueIdentifier>
      <Extensions>h;hh;hpp;hxx;hm;inl;inc;xsd</Extensions>
    </Filter>
    <Filter Include="Resource Files">
      <UniqueIdentifier>{67DA6AB6-F800-4c08-8B7A-83BB121AAD01}</UniqueIdentifier>
      <Extensions>rc;ico;cur;bmp;dlg;rc2;rct;bin;rgs;gif;jpg;jpeg;jpe;resx;tiff;tif;png;wav</Extensions>
    </Filter>
  </ItemGroup>
  <ItemGroup>
    <ClCompile Include="src\autoconf.c">
      <Filter>Source Files</Filter>
    </ClCompile>
    <ClCompile Include="src\autoconf_atsc.c">
      <Filter>Source Files</Filter>
    </ClCompile>
    <ClCompile Include="src\autoconf_cat.c">
      <Filter>Source Files</Filter>
    </ClCompile>
    <ClCompile Include="src\autoconf_nit.c">
      <Filter>Source Files</Filter>
    </ClCompile>
    <ClCompile Include="src\autoconf_pat.c">
      <Filter>Source Files</Filter>
    </ClCompile>
    <ClCompile Include="src\autoconf_pmt.c">
      <Filter>Source Files</Filter>
    </ClCompile>
    <ClCompile Include="src\autoconf_sdt.c">
      <Filter>Source Files</Filter>
    </ClCompile>
    <ClCompile Include="src\cam.c">
      <Filter>Source Files</Filter>
    </ClCompile>
    <ClCompile Include="src\crc32.c">
      <Filter>Source Files</Filter>
    </ClCompile>
    <ClCompile Include="src\dvb.c">
      <Filter>Source Files</Filter>
    </ClCompile>
    <ClCompile Include="src\log.c">
      <Filter>Source Files</Filter>
    </ClCompile>
    <ClCompile Include="src\multicast.c">
      <Filter>Source Files</Filter>
    </ClCompile>
    <ClCompile Include="src\mumudvb.c">
      <Filter>Source Files</Filter>
    </ClCompile>
    <ClCompile Include="src\mumudvb_channels.c">
      <Filter>Source Files</Filter>
    </ClCompile>
    <ClCompile Include="src\mumudvb_common.c">
      <Filter>Source Files</Filter>
    </ClCompile>
    <ClCompile Include="src\mumudvb_mon.c">
      <Filter>Source Files</Filter>
    </ClCompile>
    <ClCompile Include="src\network.c">
      <Filter>Source Files</Filter>
    </ClCompile>
    <ClCompile Include="src\rewrite.c">
      <Filter>Source Files</Filter>
    </ClCompile>
    <ClCompile Include="src\rewrite_eit.c">
      <Filter>Source Files</Filter>
    </ClCompile>
    <ClCompile Include="src\rewrite_pat.c">
      <Filter>Source Files</Filter>
    </ClCompile>
    <ClCompile Include="src\rewrite_pmt.c">
      <Filter>Source Files</Filter>
    </ClCompile>
    <ClCompile Include="src\rewrite_sdt.c">
      <Filter>Source Files</Filter>
    </ClCompile>
    <ClCompile Include="src\rtp.c">
      <Filter>Source Files</Filter>
    </ClCompile>
    <ClCompile Include="src\sap.c">
      <Filter>Source Files</Filter>
    </ClCompile>
    <ClCompile Include="src\scam_capmt.c">
      <Filter>Source Files</Filter>
    </ClCompile>
    <ClCompile Include="src\scam_common.c">
      <Filter>Source Files</Filter>
    </ClCompile>
    <ClCompile Include="src\scam_decsa.c">
      <Filter>Source Files</Filter>
    </ClCompile>
    <ClCompile Include="src\scam_getcw.c">
      <Filter>Source Files</Filter>
    </ClCompile>
    <ClCompile Include="src\scam_send.c">
      <Filter>Source Files</Filter>
    </ClCompile>
    <ClCompile Include="src\t2mi.c">
      <Filter>Source Files</Filter>
    </ClCompile>
    <ClCompile Include="src\ts.c">
      <Filter>Source Files</Filter>
    </ClCompile>
    <ClCompile Include="src\tune.c">
      <Filter>Source Files</Filter>
    </ClCompile>
    <ClCompile Include="src\unicast_clients.c">
      <Filter>Source Files</Filter>
    </ClCompile>
    <ClCompile Include="src\unicast_EIT.c">
      <Filter>Source Files</Filter>
    </ClCompile>
    <ClCompile Include="src\unicast_http.c">
      <Filter>Source Files</Filter>
    </ClCompile>
    <ClCompile Include="src\unicast_monit.c">
      <Filter>Source Files</Filter>
    </ClCompile>
    <ClCompile Include="src\unicast_queue.c">
      <Filter>Source Files</Filter>
    </ClCompile>
    <ClCompile Include="src\getopt.c">
      <Filter>Source Files</Filter>
    </ClCompile>
    <ClCompile Include="src\win32.c">
      <Filter>Source Files</Filter>
    </ClCompile>
    <ClCompile Include="src\dvb_win32.c">
      <Filter>Source Files</Filter>
    </ClCompile>
  </ItemGroup>
  <ItemGroup>
    <ClInclude Include="src\autoconf.h">
      <Filter>Header Files</Filter>
    </ClInclude>
    <ClInclude Include="src\cam.h">
      <Filter>Header Files</Filter>
    </ClInclude>
    <ClInclude Include="src\config.h">
      <Filter>Header Files</Filter>
    </ClInclude>
    <ClInclude Include="src\dvb.h">
      <Filter>Header Files</Filter>
    </ClInclude>
    <ClInclude Include="src\errors.h">
      <Filter>Header Files</Filter>
    </ClInclude>
    <ClInclude Include="src\log.h">
      <Filter>Header Files</Filter>
    </ClInclude>
    <ClInclude Include="src\mumudvb.h">
      <Filter>Header Files</Filter>
    </ClInclude>
    <ClInclude Include="src\mumudvb_mon.h">
      <Filter>Header Files</Filter>
    </ClInclude>
    <ClInclude Include="src\network.h">
      <Filter>Header Files</Filter>
    </ClInclude>
    <ClInclude Include="src\rewrite.h">
      <Filter>Header Files</Filter>
    </ClInclude>
    <ClInclude Include="src\rtp.h">
      <Filter>Header Files</Filter>
    </ClInclude>
    <ClInclude Include="src\sap.h">
      <Filter>Header Files</Filter>
    </ClInclude>
    <ClInclude Include="src\scam_capmt.h">
      <Filter>Header Files</Filter>
    </ClInclude>
    <ClInclude Include="src\scam_common.h">
      <Filter>Header Files</Filter>
    </ClInclude>
    <ClInclude Include="src\scam_decsa.h">
      <Filter>Header Files</Filter>
    </ClInclude>
    <ClInclude Include="src\scam_getcw.h">
      <Filter>Header Files</Filter>
    </ClInclude>
    <ClInclude Include="src\scam_send.h">
      <Filter>Header Files</Filter>
    </ClInclude>
    <ClInclude Include="src\ts.h">
      <Filter>Header Files</Filter>
    </ClInclude>
    <ClInclude Include="src\tune.h">
      <Filter>Header Files</Filter>
    </ClInclude>
    <ClInclude Include="src\unicast_http.h">
      <Filter>Header Files</Filter>
    </ClInclude>
    <ClInclude Include="src\unicast_queue.h">
      <Filter>Header Files</Filter>
    </ClInclude>
    <ClInclude Include="src\getopt.h">
      <Filter>Header Files</Filter>
    </ClInclude>
    <ClInclude Include="src\win32.h">
      <Filter>Header Files</Filter>
    </ClInclude>
  </ItemGroup>
</Project>